// !$*UTF8*$!
{
	archiveVersion = 1;
	classes = {
	};
	objectVersion = 46;
	objects = {

/* Begin PBXAggregateTarget section */
		6625919C1BA7D4D1000834EC /* MuthuTestUniversal */ = {
			isa = PBXAggregateTarget;
			buildConfigurationList = 6625919D1BA7D4D1000834EC /* Build configuration list for PBXAggregateTarget "MuthuTestUniversal" */;
			buildPhases = (
				662591A01BA7D4F1000834EC /* ShellScript */,
			);
			dependencies = (
			);
			name = MuthuTestUniversal;
			productName = MuthuTestUniversal;
		};
/* End PBXAggregateTarget section */

/* Begin PBXBuildFile section */
		6625918C1BA7D451000834EC /* MuthuTestUniversalFramework.framework in Frameworks */ = {isa = PBXBuildFile; fileRef = 662591801BA7D451000834EC /* MuthuTestUniversalFramework.framework */; };
		662591931BA7D452000834EC /* MuthuTestUniversalFrameworkTests.m in Sources */ = {isa = PBXBuildFile; fileRef = 662591921BA7D452000834EC /* MuthuTestUniversalFrameworkTests.m */; };
		662591A71BA7DA95000834EC /* DataOperation.h in Headers */ = {isa = PBXBuildFile; fileRef = 662591A31BA7DA95000834EC /* DataOperation.h */; settings = {ATTRIBUTES = (Public, ); }; };
		662591A81BA7DA95000834EC /* DataOperation.m in Sources */ = {isa = PBXBuildFile; fileRef = 662591A41BA7DA95000834EC /* DataOperation.m */; };
		662591A91BA7DA95000834EC /* DataStore.h in Headers */ = {isa = PBXBuildFile; fileRef = 662591A51BA7DA95000834EC /* DataStore.h */; settings = {ATTRIBUTES = (Public, ); }; };
		662591AA1BA7DA95000834EC /* DataStore.m in Sources */ = {isa = PBXBuildFile; fileRef = 662591A61BA7DA95000834EC /* DataStore.m */; };
		662591AD1BA7DABB000834EC /* ServiceHandler.h in Headers */ = {isa = PBXBuildFile; fileRef = 662591AB1BA7DABB000834EC /* ServiceHandler.h */; settings = {ATTRIBUTES = (Public, ); }; };
		662591AE1BA7DABB000834EC /* ServiceHandler.m in Sources */ = {isa = PBXBuildFile; fileRef = 662591AC1BA7DABB000834EC /* ServiceHandler.m */; };
		662591B41BA7DDE1000834EC /* libsqlite3.0.dylib in Frameworks */ = {isa = PBXBuildFile; fileRef = 662591B31BA7DDE1000834EC /* libsqlite3.0.dylib */; };
		662591F11BA7DFEC000834EC /* MuthuTestUniversalFramework.h in Headers */ = {isa = PBXBuildFile; fileRef = 662591F01BA7DFEC000834EC /* MuthuTestUniversalFramework.h */; };
/* End PBXBuildFile section */

/* Begin PBXContainerItemProxy section */
		6625918D1BA7D451000834EC /* PBXContainerItemProxy */ = {
			isa = PBXContainerItemProxy;
			containerPortal = 662591771BA7D451000834EC /* Project object */;
			proxyType = 1;
			remoteGlobalIDString = 6625917F1BA7D451000834EC;
			remoteInfo = MuthuTestUniversalFramework;
		};
/* End PBXContainerItemProxy section */

/* Begin PBXFileReference section */
		662591801BA7D451000834EC /* MuthuTestUniversalFramework.framework */ = {isa = PBXFileReference; explicitFileType = wrapper.framework; includeInIndex = 0; path = MuthuTestUniversalFramework.framework; sourceTree = BUILT_PRODUCTS_DIR; };
		662591841BA7D451000834EC /* Info.plist */ = {isa = PBXFileReference; lastKnownFileType = text.plist.xml; path = Info.plist; sourceTree = "<group>"; };
		6625918B1BA7D451000834EC /* MuthuTestUniversalFrameworkTests.xctest */ = {isa = PBXFileReference; explicitFileType = wrapper.cfbundle; includeInIndex = 0; path = MuthuTestUniversalFrameworkTests.xctest; sourceTree = BUILT_PRODUCTS_DIR; };
		662591911BA7D452000834EC /* Info.plist */ = {isa = PBXFileReference; lastKnownFileType = text.plist.xml; path = Info.plist; sourceTree = "<group>"; };
		662591921BA7D452000834EC /* MuthuTestUniversalFrameworkTests.m */ = {isa = PBXFileReference; lastKnownFileType = sourcecode.c.objc; path = MuthuTestUniversalFrameworkTests.m; sourceTree = "<group>"; };
		662591A31BA7DA95000834EC /* DataOperation.h */ = {isa = PBXFileReference; fileEncoding = 4; lastKnownFileType = sourcecode.c.h; name = DataOperation.h; path = DataOperation/DataOperation.h; sourceTree = "<group>"; };
		662591A41BA7DA95000834EC /* DataOperation.m */ = {isa = PBXFileReference; fileEncoding = 4; lastKnownFileType = sourcecode.c.objc; name = DataOperation.m; path = DataOperation/DataOperation.m; sourceTree = "<group>"; };
		662591A51BA7DA95000834EC /* DataStore.h */ = {isa = PBXFileReference; fileEncoding = 4; lastKnownFileType = sourcecode.c.h; name = DataStore.h; path = DataOperation/DataStore.h; sourceTree = "<group>"; };
		662591A61BA7DA95000834EC /* DataStore.m */ = {isa = PBXFileReference; fileEncoding = 4; lastKnownFileType = sourcecode.c.objc; name = DataStore.m; path = DataOperation/DataStore.m; sourceTree = "<group>"; };
		662591AB1BA7DABB000834EC /* ServiceHandler.h */ = {isa = PBXFileReference; fileEncoding = 4; lastKnownFileType = sourcecode.c.h; name = ServiceHandler.h; path = ServiceHandler/ServiceHandler.h; sourceTree = "<group>"; };
		662591AC1BA7DABB000834EC /* ServiceHandler.m */ = {isa = PBXFileReference; fileEncoding = 4; lastKnownFileType = sourcecode.c.objc; name = ServiceHandler.m; path = ServiceHandler/ServiceHandler.m; sourceTree = "<group>"; };
		662591B31BA7DDE1000834EC /* libsqlite3.0.dylib */ = {isa = PBXFileReference; lastKnownFileType = "compiled.mach-o.dylib"; name = libsqlite3.0.dylib; path = usr/lib/libsqlite3.0.dylib; sourceTree = SDKROOT; };
		662591F01BA7DFEC000834EC /* MuthuTestUniversalFramework.h */ = {isa = PBXFileReference; fileEncoding = 4; lastKnownFileType = sourcecode.c.h; path = MuthuTestUniversalFramework.h; sourceTree = "<group>"; };
/* End PBXFileReference section */

/* Begin PBXFrameworksBuildPhase section */
		6625917C1BA7D451000834EC /* Frameworks */ = {
			isa = PBXFrameworksBuildPhase;
			buildActionMask = 2147483647;
			files = (
				662591B41BA7DDE1000834EC /* libsqlite3.0.dylib in Frameworks */,
			);
			runOnlyForDeploymentPostprocessing = 0;
		};
		662591881BA7D451000834EC /* Frameworks */ = {
			isa = PBXFrameworksBuildPhase;
			buildActionMask = 2147483647;
			files = (
				6625918C1BA7D451000834EC /* MuthuTestUniversalFramework.framework in Frameworks */,
			);
			runOnlyForDeploymentPostprocessing = 0;
		};
/* End PBXFrameworksBuildPhase section */

/* Begin PBXGroup section */
		662591761BA7D451000834EC = {
			isa = PBXGroup;
			children = (
				662591821BA7D451000834EC /* MuthuTestUniversalFramework */,
				6625918F1BA7D451000834EC /* MuthuTestUniversalFrameworkTests */,
				662591811BA7D451000834EC /* Products */,
			);
			sourceTree = "<group>";
		};
		662591811BA7D451000834EC /* Products */ = {
			isa = PBXGroup;
			children = (
				662591801BA7D451000834EC /* MuthuTestUniversalFramework.framework */,
				6625918B1BA7D451000834EC /* MuthuTestUniversalFrameworkTests.xctest */,
			);
			name = Products;
			sourceTree = "<group>";
		};
		662591821BA7D451000834EC /* MuthuTestUniversalFramework */ = {
			isa = PBXGroup;
			children = (
				662591F01BA7DFEC000834EC /* MuthuTestUniversalFramework.h */,
				662591B51BA7DDEE000834EC /* Frameworks */,
				662591A21BA7DA7A000834EC /* ServiceHandler */,
				662591A11BA7DA72000834EC /* DataOperation */,
				662591831BA7D451000834EC /* Supporting Files */,
			);
			path = MuthuTestUniversalFramework;
			sourceTree = "<group>";
		};
		662591831BA7D451000834EC /* Supporting Files */ = {
			isa = PBXGroup;
			children = (
				662591841BA7D451000834EC /* Info.plist */,
			);
			name = "Supporting Files";
			sourceTree = "<group>";
		};
		6625918F1BA7D451000834EC /* MuthuTestUniversalFrameworkTests */ = {
			isa = PBXGroup;
			children = (
				662591921BA7D452000834EC /* MuthuTestUniversalFrameworkTests.m */,
				662591901BA7D452000834EC /* Supporting Files */,
			);
			path = MuthuTestUniversalFrameworkTests;
			sourceTree = "<group>";
		};
		662591901BA7D452000834EC /* Supporting Files */ = {
			isa = PBXGroup;
			children = (
				662591911BA7D452000834EC /* Info.plist */,
			);
			name = "Supporting Files";
			sourceTree = "<group>";
		};
		662591A11BA7DA72000834EC /* DataOperation */ = {
			isa = PBXGroup;
			children = (
				662591B21BA7DD2E000834EC /* Header */,
				662591B11BA7DD27000834EC /* Source */,
			);
			name = DataOperation;
			sourceTree = "<group>";
		};
		662591A21BA7DA7A000834EC /* ServiceHandler */ = {
			isa = PBXGroup;
			children = (
				662591B01BA7DCFE000834EC /* Header */,
				662591AF1BA7DCF7000834EC /* Source */,
			);
			name = ServiceHandler;
			sourceTree = "<group>";
		};
		662591AF1BA7DCF7000834EC /* Source */ = {
			isa = PBXGroup;
			children = (
				662591AC1BA7DABB000834EC /* ServiceHandler.m */,
			);
			name = Source;
			sourceTree = "<group>";
		};
		662591B01BA7DCFE000834EC /* Header */ = {
			isa = PBXGroup;
			children = (
				662591AB1BA7DABB000834EC /* ServiceHandler.h */,
			);
			name = Header;
			sourceTree = "<group>";
		};
		662591B11BA7DD27000834EC /* Source */ = {
			isa = PBXGroup;
			children = (
				662591A41BA7DA95000834EC /* DataOperation.m */,
				662591A61BA7DA95000834EC /* DataStore.m */,
			);
			name = Source;
			sourceTree = "<group>";
		};
		662591B21BA7DD2E000834EC /* Header */ = {
			isa = PBXGroup;
			children = (
				662591A31BA7DA95000834EC /* DataOperation.h */,
				662591A51BA7DA95000834EC /* DataStore.h */,
			);
			name = Header;
			sourceTree = "<group>";
		};
		662591B51BA7DDEE000834EC /* Frameworks */ = {
			isa = PBXGroup;
			children = (
				662591B31BA7DDE1000834EC /* libsqlite3.0.dylib */,
			);
			name = Frameworks;
			sourceTree = "<group>";
		};
/* End PBXGroup section */

/* Begin PBXHeadersBuildPhase section */
		6625917D1BA7D451000834EC /* Headers */ = {
			isa = PBXHeadersBuildPhase;
			buildActionMask = 2147483647;
			files = (
				662591A71BA7DA95000834EC /* DataOperation.h in Headers */,
				662591F11BA7DFEC000834EC /* MuthuTestUniversalFramework.h in Headers */,
				662591AD1BA7DABB000834EC /* ServiceHandler.h in Headers */,
				662591A91BA7DA95000834EC /* DataStore.h in Headers */,
			);
			runOnlyForDeploymentPostprocessing = 0;
		};
/* End PBXHeadersBuildPhase section */

/* Begin PBXNativeTarget section */
		6625917F1BA7D451000834EC /* MuthuTestUniversalFramework */ = {
			isa = PBXNativeTarget;
			buildConfigurationList = 662591961BA7D452000834EC /* Build configuration list for PBXNativeTarget "MuthuTestUniversalFramework" */;
			buildPhases = (
				6625917B1BA7D451000834EC /* Sources */,
				6625917C1BA7D451000834EC /* Frameworks */,
				6625917D1BA7D451000834EC /* Headers */,
				6625917E1BA7D451000834EC /* Resources */,
			);
			buildRules = (
			);
			dependencies = (
			);
			name = MuthuTestUniversalFramework;
			productName = MuthuTestUniversalFramework;
			productReference = 662591801BA7D451000834EC /* MuthuTestUniversalFramework.framework */;
			productType = "com.apple.product-type.framework";
		};
		6625918A1BA7D451000834EC /* MuthuTestUniversalFrameworkTests */ = {
			isa = PBXNativeTarget;
			buildConfigurationList = 662591991BA7D452000834EC /* Build configuration list for PBXNativeTarget "MuthuTestUniversalFrameworkTests" */;
			buildPhases = (
				662591871BA7D451000834EC /* Sources */,
				662591881BA7D451000834EC /* Frameworks */,
				662591891BA7D451000834EC /* Resources */,
			);
			buildRules = (
			);
			dependencies = (
				6625918E1BA7D451000834EC /* PBXTargetDependency */,
			);
			name = MuthuTestUniversalFrameworkTests;
			productName = MuthuTestUniversalFrameworkTests;
			productReference = 6625918B1BA7D451000834EC /* MuthuTestUniversalFrameworkTests.xctest */;
			productType = "com.apple.product-type.bundle.unit-test";
		};
/* End PBXNativeTarget section */

/* Begin PBXProject section */
		662591771BA7D451000834EC /* Project object */ = {
			isa = PBXProject;
			attributes = {
				LastUpgradeCheck = 0640;
				ORGANIZATIONNAME = "Muthuraj M";
				TargetAttributes = {
					6625917F1BA7D451000834EC = {
						CreatedOnToolsVersion = 6.4;
					};
					6625918A1BA7D451000834EC = {
						CreatedOnToolsVersion = 6.4;
					};
					6625919C1BA7D4D1000834EC = {
						CreatedOnToolsVersion = 6.4;
					};
				};
			};
			buildConfigurationList = 6625917A1BA7D451000834EC /* Build configuration list for PBXProject "MuthuTestUniversalFramework" */;
			compatibilityVersion = "Xcode 3.2";
			developmentRegion = English;
			hasScannedForEncodings = 0;
			knownRegions = (
				en,
			);
			mainGroup = 662591761BA7D451000834EC;
			productRefGroup = 662591811BA7D451000834EC /* Products */;
			projectDirPath = "";
			projectRoot = "";
			targets = (
				6625917F1BA7D451000834EC /* MuthuTestUniversalFramework */,
				6625918A1BA7D451000834EC /* MuthuTestUniversalFrameworkTests */,
				6625919C1BA7D4D1000834EC /* MuthuTestUniversal */,
			);
		};
/* End PBXProject section */

/* Begin PBXResourcesBuildPhase section */
		6625917E1BA7D451000834EC /* Resources */ = {
			isa = PBXResourcesBuildPhase;
			buildActionMask = 2147483647;
			files = (
			);
			runOnlyForDeploymentPostprocessing = 0;
		};
		662591891BA7D451000834EC /* Resources */ = {
			isa = PBXResourcesBuildPhase;
			buildActionMask = 2147483647;
			files = (
			);
			runOnlyForDeploymentPostprocessing = 0;
		};
/* End PBXResourcesBuildPhase section */

/* Begin PBXShellScriptBuildPhase section */
		662591A01BA7D4F1000834EC /* ShellScript */ = {
			isa = PBXShellScriptBuildPhase;
			buildActionMask = 2147483647;
			files = (
			);
			inputPaths = (
			);
			outputPaths = (
			);
			runOnlyForDeploymentPostprocessing = 0;
			shellPath = /bin/sh;
			shellScript = "######################\n# Options\n######################\n\nREVEAL_ARCHIVE_IN_FINDER=false\n\nFRAMEWORK_NAME=\"${PROJECT_NAME}\"\n\nSIMULATOR_LIBRARY_PATH=\"${BUILD_DIR}/${CONFIGURATION}-iphonesimulator/${FRAMEWORK_NAME}.framework\"\n\nDEVICE_LIBRARY_PATH=\"${BUILD_DIR}/${CONFIGURATION}-iphoneos/${FRAMEWORK_NAME}.framework\"\n\nUNIVERSAL_LIBRARY_DIR=\"${BUILD_DIR}/${CONFIGURATION}-iphoneuniversal\"\n\nFRAMEWORK=\"${UNIVERSAL_LIBRARY_DIR}/${FRAMEWORK_NAME}.framework\"\n\n\n######################\n# Build Frameworks - Project\n######################\n\nxcodebuild ${PROJECT_NAME}.xcodeproj -scheme ${PROJECT_NAME} -sdk iphonesimulator -configuration ${CONFIGURATION} clean build CONFIGURATION_BUILD_DIR=${BUILD_DIR}/${CONFIGURATION}-iphonesimulator 2>&1\n\nxcodebuild ${PROJECT_NAME}.xcodeproj -scheme ${PROJECT_NAME} -sdk iphoneos -configuration ${CONFIGURATION} clean build CONFIGURATION_BUILD_DIR=${BUILD_DIR}/${CONFIGURATION}-iphoneos 2>&1\n\n######################\n# Create directory for universal\n######################\n\nrm -rf \"${UNIVERSAL_LIBRARY_DIR}\"\n\nmkdir \"${UNIVERSAL_LIBRARY_DIR}\"\n\nmkdir \"${FRAMEWORK}\"\n\n\n######################\n# Copy files Framework\n######################\n\ncp -r \"${DEVICE_LIBRARY_PATH}/.\" \"${FRAMEWORK}\"\n\n\n######################\n# Make an universal binary\n######################\n\nlipo \"${SIMULATOR_LIBRARY_PATH}/${FRAMEWORK_NAME}\" \"${DEVICE_LIBRARY_PATH}/${FRAMEWORK_NAME}\" -create -output \"${FRAMEWORK}/${FRAMEWORK_NAME}\" | echo\n\n# For Swift framework, Swiftmodule needs to be copied in the universal framework\nif [ -d \"${SIMULATOR_LIBRARY_PATH}/Modules/${FRAMEWORK_NAME}.swiftmodule/\" ]; then\ncp -f ${SIMULATOR_LIBRARY_PATH}/Modules/${FRAMEWORK_NAME}.swiftmodule\n/* \"${FRAMEWORK}/Modules/${FRAMEWORK_NAME}.swiftmodule/\" | echo\n fi\n \n if [ -d \"${DEVICE_LIBRARY_PATH}/Modules/${FRAMEWORK_NAME}.swiftmodule/\" ]; then\n cp -f ${DEVICE_LIBRARY_PATH}/Modules/${FRAMEWORK_NAME}.swiftmodule/* \"${FRAMEWORK}/Modules/${FRAMEWORK_NAME}.swiftmodule/\" | echo\n fi\n \n ######################\n # On Release, copy the result to release directory\n ######################\n OUTPUT_DIR=\"${PROJECT_DIR}/Output/${FRAMEWORK_NAME}-${CONFIGURATION}-iphoneuniversal/\"\n \n rm -rf \"$OUTPUT_DIR\"\n mkdir -p \"$OUTPUT_DIR\"\n \n cp -r \"${FRAMEWORK}\" \"$OUTPUT_DIR\"\n \n if [ ${REVEAL_ARCHIVE_IN_FINDER} = true ]; then\n open \"${OUTPUT_DIR}/\"\n fi";
		};
/* End PBXShellScriptBuildPhase section */

/* Begin PBXSourcesBuildPhase section */
		6625917B1BA7D451000834EC /* Sources */ = {
			isa = PBXSourcesBuildPhase;
			buildActionMask = 2147483647;
			files = (
				662591AE1BA7DABB000834EC /* ServiceHandler.m in Sources */,
				662591A81BA7DA95000834EC /* DataOperation.m in Sources */,
				662591AA1BA7DA95000834EC /* DataStore.m in Sources */,
			);
			runOnlyForDeploymentPostprocessing = 0;
		};
		662591871BA7D451000834EC /* Sources */ = {
			isa = PBXSourcesBuildPhase;
			buildActionMask = 2147483647;
			files = (
				662591931BA7D452000834EC /* MuthuTestUniversalFrameworkTests.m in Sources */,
			);
			runOnlyForDeploymentPostprocessing = 0;
		};
/* End PBXSourcesBuildPhase section */

/* Begin PBXTargetDependency section */
		6625918E1BA7D451000834EC /* PBXTargetDependency */ = {
			isa = PBXTargetDependency;
			target = 6625917F1BA7D451000834EC /* MuthuTestUniversalFramework */;
			targetProxy = 6625918D1BA7D451000834EC /* PBXContainerItemProxy */;
		};
/* End PBXTargetDependency section */

/* Begin XCBuildConfiguration section */
		662591941BA7D452000834EC /* Debug */ = {
			isa = XCBuildConfiguration;
			buildSettings = {
				ALWAYS_SEARCH_USER_PATHS = NO;
				CLANG_CXX_LANGUAGE_STANDARD = "gnu++0x";
				CLANG_CXX_LIBRARY = "libc++";
				CLANG_ENABLE_MODULES = YES;
				CLANG_ENABLE_OBJC_ARC = YES;
				CLANG_WARN_BOOL_CONVERSION = YES;
				CLANG_WARN_CONSTANT_CONVERSION = YES;
				CLANG_WARN_DIRECT_OBJC_ISA_USAGE = YES_ERROR;
				CLANG_WARN_EMPTY_BODY = YES;
				CLANG_WARN_ENUM_CONVERSION = YES;
				CLANG_WARN_INT_CONVERSION = YES;
				CLANG_WARN_OBJC_ROOT_CLASS = YES_ERROR;
				CLANG_WARN_UNREACHABLE_CODE = YES;
				CLANG_WARN__DUPLICATE_METHOD_MATCH = YES;
				"CODE_SIGN_IDENTITY[sdk=iphoneos*]" = "iPhone Developer";
				COPY_PHASE_STRIP = NO;
				CURRENT_PROJECT_VERSION = 1;
				DEBUG_INFORMATION_FORMAT = "dwarf-with-dsym";
				ENABLE_STRICT_OBJC_MSGSEND = YES;
				GCC_C_LANGUAGE_STANDARD = gnu99;
				GCC_DYNAMIC_NO_PIC = NO;
				GCC_NO_COMMON_BLOCKS = YES;
				GCC_OPTIMIZATION_LEVEL = 0;
				GCC_PREPROCESSOR_DEFINITIONS = (
					"DEBUG=1",
					"$(inherited)",
				);
				GCC_SYMBOLS_PRIVATE_EXTERN = NO;
				GCC_WARN_64_TO_32_BIT_CONVERSION = YES;
				GCC_WARN_ABOUT_RETURN_TYPE = YES_ERROR;
				GCC_WARN_UNDECLARED_SELECTOR = YES;
				GCC_WARN_UNINITIALIZED_AUTOS = YES_AGGRESSIVE;
				GCC_WARN_UNUSED_FUNCTION = YES;
				GCC_WARN_UNUSED_VARIABLE = YES;
				IPHONEOS_DEPLOYMENT_TARGET = 8.4;
				MTL_ENABLE_DEBUG_INFO = YES;
				ONLY_ACTIVE_ARCH = YES;
				SDKROOT = iphoneos;
				TARGETED_DEVICE_FAMILY = "1,2";
				VERSIONING_SYSTEM = "apple-generic";
				VERSION_INFO_PREFIX = "";
			};
			name = Debug;
		};
		662591951BA7D452000834EC /* Release */ = {
			isa = XCBuildConfiguration;
			buildSettings = {
				ALWAYS_SEARCH_USER_PATHS = NO;
				CLANG_CXX_LANGUAGE_STANDARD = "gnu++0x";
				CLANG_CXX_LIBRARY = "libc++";
				CLANG_ENABLE_MODULES = YES;
				CLANG_ENABLE_OBJC_ARC = YES;
				CLANG_WARN_BOOL_CONVERSION = YES;
				CLANG_WARN_CONSTANT_CONVERSION = YES;
				CLANG_WARN_DIRECT_OBJC_ISA_USAGE = YES_ERROR;
				CLANG_WARN_EMPTY_BODY = YES;
				CLANG_WARN_ENUM_CONVERSION = YES;
				CLANG_WARN_INT_CONVERSION = YES;
				CLANG_WARN_OBJC_ROOT_CLASS = YES_ERROR;
				CLANG_WARN_UNREACHABLE_CODE = YES;
				CLANG_WARN__DUPLICATE_METHOD_MATCH = YES;
				"CODE_SIGN_IDENTITY[sdk=iphoneos*]" = "iPhone Developer";
				COPY_PHASE_STRIP = NO;
				CURRENT_PROJECT_VERSION = 1;
				DEBUG_INFORMATION_FORMAT = "dwarf-with-dsym";
				ENABLE_NS_ASSERTIONS = NO;
				ENABLE_STRICT_OBJC_MSGSEND = YES;
				GCC_C_LANGUAGE_STANDARD = gnu99;
				GCC_NO_COMMON_BLOCKS = YES;
				GCC_WARN_64_TO_32_BIT_CONVERSION = YES;
				GCC_WARN_ABOUT_RETURN_TYPE = YES_ERROR;
				GCC_WARN_UNDECLARED_SELECTOR = YES;
				GCC_WARN_UNINITIALIZED_AUTOS = YES_AGGRESSIVE;
				GCC_WARN_UNUSED_FUNCTION = YES;
				GCC_WARN_UNUSED_VARIABLE = YES;
				IPHONEOS_DEPLOYMENT_TARGET = 8.4;
				MTL_ENABLE_DEBUG_INFO = NO;
				SDKROOT = iphoneos;
				TARGETED_DEVICE_FAMILY = "1,2";
				VALIDATE_PRODUCT = YES;
				VERSIONING_SYSTEM = "apple-generic";
				VERSION_INFO_PREFIX = "";
			};
			name = Release;
		};
		662591971BA7D452000834EC /* Debug */ = {
			isa = XCBuildConfiguration;
			buildSettings = {
				DEFINES_MODULE = YES;
				DYLIB_COMPATIBILITY_VERSION = 1;
				DYLIB_CURRENT_VERSION = 1;
				DYLIB_INSTALL_NAME_BASE = "@rpath";
				INFOPLIST_FILE = MuthuTestUniversalFramework/Info.plist;
				INSTALL_PATH = "$(LOCAL_LIBRARY_DIR)/Frameworks";
				IPHONEOS_DEPLOYMENT_TARGET = 7.0;
				LD_RUNPATH_SEARCH_PATHS = "$(inherited) @executable_path/Frameworks @loader_path/Frameworks";
				ONLY_ACTIVE_ARCH = NO;
				PRODUCT_NAME = "$(TARGET_NAME)";
				SKIP_INSTALL = YES;
				TARGETED_DEVICE_FAMILY = 1;
				VALID_ARCHS = "arm64 armv7 armv7s";
			};
			name = Debug;
		};
		662591981BA7D452000834EC /* Release */ = {
			isa = XCBuildConfiguration;
			buildSettings = {
				DEFINES_MODULE = YES;
				DYLIB_COMPATIBILITY_VERSION = 1;
				DYLIB_CURRENT_VERSION = 1;
				DYLIB_INSTALL_NAME_BASE = "@rpath";
				INFOPLIST_FILE = MuthuTestUniversalFramework/Info.plist;
				INSTALL_PATH = "$(LOCAL_LIBRARY_DIR)/Frameworks";
				IPHONEOS_DEPLOYMENT_TARGET = 7.0;
				LD_RUNPATH_SEARCH_PATHS = "$(inherited) @executable_path/Frameworks @loader_path/Frameworks";
				PRODUCT_NAME = "$(TARGET_NAME)";
				SKIP_INSTALL = YES;
				TARGETED_DEVICE_FAMILY = 1;
				VALID_ARCHS = "arm64 armv7 armv7s";
			};
			name = Release;
		};
		6625919A1BA7D452000834EC /* Debug */ = {
			isa = XCBuildConfiguration;
			buildSettings = {
				FRAMEWORK_SEARCH_PATHS = (
					"$(SDKROOT)/Developer/Library/Frameworks",
					"$(inherited)",
				);
				GCC_PREPROCESSOR_DEFINITIONS = (
					"DEBUG=1",
					"$(inherited)",
				);
				INFOPLIST_FILE = MuthuTestUniversalFrameworkTests/Info.plist;
				LD_RUNPATH_SEARCH_PATHS = "$(inherited) @executable_path/Frameworks @loader_path/Frameworks";
				PRODUCT_NAME = "$(TARGET_NAME)";
			};
			name = Debug;
		};
		6625919B1BA7D452000834EC /* Release */ = {
			isa = XCBuildConfiguration;
			buildSettings = {
				FRAMEWORK_SEARCH_PATHS = (
					"$(SDKROOT)/Developer/Library/Frameworks",
					"$(inherited)",
				);
				INFOPLIST_FILE = MuthuTestUniversalFrameworkTests/Info.plist;
				LD_RUNPATH_SEARCH_PATHS = "$(inherited) @executable_path/Frameworks @loader_path/Frameworks";
				PRODUCT_NAME = "$(TARGET_NAME)";
			};
			name = Release;
		};
		6625919E1BA7D4D1000834EC /* Debug */ = {
			isa = XCBuildConfiguration;
			buildSettings = {
				PRODUCT_NAME = "$(TARGET_NAME)";
			};
			name = Debug;
		};
		6625919F1BA7D4D1000834EC /* Release */ = {
			isa = XCBuildConfiguration;
			buildSettings = {
				PRODUCT_NAME = "$(TARGET_NAME)";
			};
			name = Release;
		};
/* End XCBuildConfiguration section */

/* Begin XCConfigurationList section */
		6625917A1BA7D451000834EC /* Build configuration list for PBXProject "MuthuTestUniversalFramework" */ = {
			isa = XCConfigurationList;
			buildConfigurations = (
				662591941BA7D452000834EC /* Debug */,
				662591951BA7D452000834EC /* Release */,
			);
			defaultConfigurationIsVisible = 0;
			defaultConfigurationName = Release;
		};
		662591961BA7D452000834EC /* Build configuration list for PBXNativeTarget "MuthuTestUniversalFramework" */ = {
			isa = XCConfigurationList;
			buildConfigurations = (
				662591971BA7D452000834EC /* Debug */,
				662591981BA7D452000834EC /* Release */,
			);
			defaultConfigurationIsVisible = 0;
		};
		662591991BA7D452000834EC /* Build configuration list for PBXNativeTarget "MuthuTestUniversalFrameworkTests" */ = {
			isa = XCConfigurationList;
			buildConfigurations = (
				6625919A1BA7D452000834EC /* Debug */,
				6625919B1BA7D452000834EC /* Release */,
			);
			defaultConfigurationIsVisible = 0;
		};
		6625919D1BA7D4D1000834EC /* Build configuration list for PBXAggregateTarget "MuthuTestUniversal" */ = {
			isa = XCConfigurationList;
			buildConfigurations = (
				6625919E1BA7D4D1000834EC /* Debug */,
				6625919F1BA7D4D1000834EC /* Release */,
			);
			defaultConfigurationIsVisible = 0;
		};
/* End XCConfigurationList section */
	};
	rootObject = 662591771BA7D451000834EC /* Project object */;
}
